{
  "nodes": {
    "dimos-lcm": {
      "flake": false,
      "locked": {
        "lastModified": 1782118008,
        "narHash": "sha256-z88X38ZM3vr1eneG1CkJ4GAGWBW3JYWPEX/2x7aRVJI=",
        "owner": "dimensionalOS",
        "repo": "dimos-lcm",
        "rev": "0a1c24710ce2f7a569e1673617102cc5254a75e2",
        "type": "github"
      },
      "original": {
        "owner": "dimensionalOS",
        "ref": "main",
        "repo": "dimos-lcm",
        "type": "github"
      }
    },
    "flake-utils": {
      "inputs": {
        "systems": "systems"
      },
      "locked": {
        "lastModified": 1731533236,
        "narHash": "sha256-l0KFg5HjrsfsO/JpG+r7fRrqm12kzFHyUHqHCVpMMbI=",
        "owner": "numtide",
        "repo": "flake-utils",
        "rev": "11707dc2f618dd54ca8739b309ec4fc024de578b",
        "type": "github"
      },
      "original": {
        "owner": "numtide",
        "repo": "flake-utils",
        "type": "github"
      }
    },
    "lcm-extended": {
      "inputs": {
        "flake-utils": [
          "flake-utils"
        ],
        "nixpkgs": [
          "nixpkgs"
        ]
      },
      "locked": {
        "lastModified": 1774902379,
        "narHash": "sha256-gRFvEkbXCEoG4jEmsT+i0bMZ5kDHOtAaPsrbStXjdu4=",
        "owner": "jeff-hykin",
        "repo": "lcm_extended",
        "rev": "7d12ad8546d3daae30528a6c28f2c9ff5b10baf7",
        "type": "github"
      },
      "original": {
        "owner": "jeff-hykin",
        "repo": "lcm_extended",
        "type": "github"
      }
    },
    "nixpkgs": {
      "locked": {
        "lastModified": 1783224372,
        "narHash": "sha256-8i/87eeoqiGE4yOTjwSA3Eh/ziJRQEmd/unYU+K27sk=",
        "owner": "NixOS",
        "repo": "nixpkgs",
        "rev": "d407951447dcd00442e97087bf374aad70c04cea",
        "type": "github"
      },
      "original": {
        "owner": "NixOS",
        "ref": "nixos-unstable",
        "repo": "nixpkgs",
        "type": "github"
      }
    },
    "pfr": {
      "flake": false,
      "locked": {
        "lastModified": 1750486035,
        "narHash": "sha256-Evp15skYDclMZ3IIV7VLwYGwu9BsZMCDKIP0k9cb+6E=",
        "owner": "apolukhin",
        "repo": "pfr_non_boost",
        "rev": "b1a9798677adc191e21dd7904fb42cbe2f2889a7",
        "type": "github"
      },
      "original": {
        "owner": "apolukhin",
        "ref": "2.3.2",
        "repo": "pfr_non_boost",
        "type": "github"
      }
    },
    "root": {
      "inputs": {
        "dimos-lcm": "dimos-lcm",
        "flake-utils": "flake-utils",
        "lcm-extended": "lcm-extended",
        "nixpkgs": "nixpkgs",
        "pfr": "pfr"
      }
    },
    "systems": {
      "locked": {
        "lastModified": 1681028828,
        "narHash": "sha256-Vy1rq5AaRuLzOxct8nz4T6wlgyUR7zLU309k9mBC768=",
        "owner": "nix-systems",
        "repo": "default",
        "rev": "da67096a3b9bf56a91d16901293e51ba5b49a27e",
        "type": "github"
      },
      "original": {
        "owner": "nix-systems",
        "repo": "default",
        "type": "github"
      }
    }
  },
  "root": "root",
  "version": 7
}
