version = 1
revision = 3
requires-python = "==3.12.*"
required-markers = [
    "platform_machine == 'aarch64' and sys_platform == 'linux'",
    "platform_machine == 'x86_64' and sys_platform == 'linux'",
]

[[package]]
name = "example-isolated-python-runtime"
version = "0.1.0"
source = { editable = "." }
